
Microsoft Visual Studio Solution File, Format Version 12.00
# Visual Studio Version 17
VisualStudioVersion = 17.8.34511.84
MinimumVisualStudioVersion = 10.0.40219.1
Project("{FAE04EC0-301F-11D3-BF4B-00C04F79EFBC}") = "ProjetoApi1", "ProjetoApi1\ProjetoApi1.csproj", "{277FD482-55E8-4708-A1C0-08FE01A3B84A}"
EndProject
Global
	GlobalSection(SolutionConfigurationPlatforms) = preSolution
		Debug|Any CPU = Debug|Any CPU
		Release|Any CPU = Release|Any CPU
	EndGlobalSection
	GlobalSection(ProjectConfigurationPlatforms) = postSolution
		{277FD482-55E8-4708-A1C0-08FE01A3B84A}.Debug|Any CPU.ActiveCfg = Debug|Any CPU
		{277FD482-55E8-4708-A1C0-08FE01A3B84A}.Debug|Any CPU.Build.0 = Debug|Any CPU
		{277FD482-55E8-4708-A1C0-08FE01A3B84A}.Release|Any CPU.ActiveCfg = Release|Any CPU
		{277FD482-55E8-4708-A1C0-08FE01A3B84A}.Release|Any CPU.Build.0 = Release|Any CPU
	EndGlobalSection
	GlobalSection(SolutionProperties) = preSolution
		HideSolutionNode = FALSE
	EndGlobalSection
	GlobalSection(ExtensibilityGlobals) = postSolution
		SolutionGuid = {47DA30A4-4515-42D2-9061-AD749F96DED1}
	EndGlobalSection
EndGlobal
